
Microsoft Visual Studio Solution File, Format Version 12.00
# Visual Studio Version 17
VisualStudioVersion = 17.0.31903.59
MinimumVisualStudioVersion = 10.0.40219.1
Project("{2150E333-8FDC-42A3-9474-1A3956D46DE8}") = "src", "src", "{0B006120-B2BB-4064-B303-EE21651002AC}"
EndProject
Project("{FAE04EC0-301F-11D3-BF4B-00C04F79EFBC}") = "Lox", "src\Lox\Lox.csproj", "{7964CB25-98DD-426A-AA4E-E08E7B47E32E}"
EndProject
Global
	GlobalSection(SolutionConfigurationPlatforms) = preSolution
		Debug|Any CPU = Debug|Any CPU
		Release|Any CPU = Release|Any CPU
	EndGlobalSection
	GlobalSection(SolutionProperties) = preSolution
		HideSolutionNode = FALSE
	EndGlobalSection
	GlobalSection(ProjectConfigurationPlatforms) = postSolution
		{7964CB25-98DD-426A-AA4E-E08E7B47E32E}.Debug|Any CPU.ActiveCfg = Debug|Any CPU
		{7964CB25-98DD-426A-AA4E-E08E7B47E32E}.Debug|Any CPU.Build.0 = Debug|Any CPU
		{7964CB25-98DD-426A-AA4E-E08E7B47E32E}.Release|Any CPU.ActiveCfg = Release|Any CPU
		{7964CB25-98DD-426A-AA4E-E08E7B47E32E}.Release|Any CPU.Build.0 = Release|Any CPU
	EndGlobalSection
	GlobalSection(NestedProjects) = preSolution
		{7964CB25-98DD-426A-AA4E-E08E7B47E32E} = {0B006120-B2BB-4064-B303-EE21651002AC}
	EndGlobalSection
EndGlobal
