
Microsoft Visual Studio Solution File, Format Version 12.00
# Visual Studio Version 17
VisualStudioVersion = 17.0.31903.59
MinimumVisualStudioVersion = 10.0.40219.1
Project("{FAE04EC0-301F-11D3-BF4B-00C04F79EFBC}") = "Lox", "Lox\Lox.csproj", "{A3D18ACC-47F7-4A07-BAC1-69BBE3A8C2EC}"
EndProject
Global
	GlobalSection(SolutionConfigurationPlatforms) = preSolution
		Debug|Any CPU = Debug|Any CPU
		Release|Any CPU = Release|Any CPU
	EndGlobalSection
	GlobalSection(SolutionProperties) = preSolution
		HideSolutionNode = FALSE
	EndGlobalSection
	GlobalSection(ProjectConfigurationPlatforms) = postSolution
		{A3D18ACC-47F7-4A07-BAC1-69BBE3A8C2EC}.Debug|Any CPU.ActiveCfg = Debug|Any CPU
		{A3D18ACC-47F7-4A07-BAC1-69BBE3A8C2EC}.Debug|Any CPU.Build.0 = Debug|Any CPU
		{A3D18ACC-47F7-4A07-BAC1-69BBE3A8C2EC}.Release|Any CPU.ActiveCfg = Release|Any CPU
		{A3D18ACC-47F7-4A07-BAC1-69BBE3A8C2EC}.Release|Any CPU.Build.0 = Release|Any CPU
	EndGlobalSection
EndGlobal
